
Microsoft Visual Studio Solution File, Format Version 12.00
# Visual Studio Version 17
VisualStudioVersion = 17.14.36109.1 d17.14
MinimumVisualStudioVersion = 10.0.40219.1
Project("{FAE04EC0-301F-11D3-BF4B-00C04F79EFBC}") = "FlightBookingDomain", "FlightBookingDomain\FlightBookingDomain.csproj", "{B62CFD61-1611-4483-B2BD-6C6DFE067064}"
EndProject
Global
	GlobalSection(SolutionConfigurationPlatforms) = preSolution
		Debug|Any CPU = Debug|Any CPU
		Release|Any CPU = Release|Any CPU
	EndGlobalSection
	GlobalSection(ProjectConfigurationPlatforms) = postSolution
		{B62CFD61-1611-4483-B2BD-6C6DFE067064}.Debug|Any CPU.ActiveCfg = Debug|Any CPU
		{B62CFD61-1611-4483-B2BD-6C6DFE067064}.Debug|Any CPU.Build.0 = Debug|Any CPU
		{B62CFD61-1611-4483-B2BD-6C6DFE067064}.Release|Any CPU.ActiveCfg = Release|Any CPU
		{B62CFD61-1611-4483-B2BD-6C6DFE067064}.Release|Any CPU.Build.0 = Release|Any CPU
	EndGlobalSection
	GlobalSection(SolutionProperties) = preSolution
		HideSolutionNode = FALSE
	EndGlobalSection
	GlobalSection(ExtensibilityGlobals) = postSolution
		SolutionGuid = {3E2A8A7F-2E22-4648-8596-944F290584D2}
	EndGlobalSection
EndGlobal
